// !$*UTF8*$!
{
	archiveVersion = 1;
	classes = {
	};
	objectVersion = 51;
	objects = {

/* Begin PBXBuildFile section */
		4053065B26318DED00A690A5 /* Color.xcassets in Resources */ = {isa = PBXBuildFile; fileRef = 4053065A26318DED00A690A5 /* Color.xcassets */; };
		405FA6852631A6CB0082681B /* Rechability.swift in Sources */ = {isa = PBXBuildFile; fileRef = 405FA6842631A6CB0082681B /* Rechability.swift */; };
		405FA68A2631ACC50082681B /* User.swift in Sources */ = {isa = PBXBuildFile; fileRef = 405FA6892631ACC50082681B /* User.swift */; };
		40D97E8A262FE1D00053EE53 /* AppDelegate.swift in Sources */ = {isa = PBXBuildFile; fileRef = 40D97E89262FE1D00053EE53 /* AppDelegate.swift */; };
		40D97E8C262FE1D00053EE53 /* SceneDelegate.swift in Sources */ = {isa = PBXBuildFile; fileRef = 40D97E8B262FE1D00053EE53 /* SceneDelegate.swift */; };
		40D97E8E262FE1D00053EE53 /* ViewController.swift in Sources */ = {isa = PBXBuildFile; fileRef = 40D97E8D262FE1D00053EE53 /* ViewController.swift */; };
		40D97E91262FE1D00053EE53 /* Main.storyboard in Resources */ = {isa = PBXBuildFile; fileRef = 40D97E8F262FE1D00053EE53 /* Main.storyboard */; };
		40D97E93262FE1D30053EE53 /* Assets.xcassets in Resources */ = {isa = PBXBuildFile; fileRef = 40D97E92262FE1D30053EE53 /* Assets.xcassets */; };
		40D97E96262FE1D30053EE53 /* LaunchScreen.storyboard in Resources */ = {isa = PBXBuildFile; fileRef = 40D97E94262FE1D30053EE53 /* LaunchScreen.storyboard */; };
		40D97EA1262FE1D30053EE53 /* IntroTestAppTests.swift in Sources */ = {isa = PBXBuildFile; fileRef = 40D97EA0262FE1D30053EE53 /* IntroTestAppTests.swift */; };
		40D97EAC262FE1D30053EE53 /* IntroTestAppUITests.swift in Sources */ = {isa = PBXBuildFile; fileRef = 40D97EAB262FE1D30053EE53 /* IntroTestAppUITests.swift */; };
		40D97EBF262FE2390053EE53 /* HomeViewModel.swift in Sources */ = {isa = PBXBuildFile; fileRef = 40D97EBE262FE2390053EE53 /* HomeViewModel.swift */; };
		40D97EC4262FE25B0053EE53 /* CustomTableView.swift in Sources */ = {isa = PBXBuildFile; fileRef = 40D97EC3262FE25B0053EE53 /* CustomTableView.swift */; };
		40D97ECC262FE2B30053EE53 /* LoadingView.swift in Sources */ = {isa = PBXBuildFile; fileRef = 40D97ECB262FE2B30053EE53 /* LoadingView.swift */; };
		40D97ED2262FE3530053EE53 /* HomeView.swift in Sources */ = {isa = PBXBuildFile; fileRef = 40D97ED1262FE3530053EE53 /* HomeView.swift */; };
		40D97ED8262FE3AA0053EE53 /* UIView.swift in Sources */ = {isa = PBXBuildFile; fileRef = 40D97ED7262FE3AA0053EE53 /* UIView.swift */; };
		40D97EE0262FE41C0053EE53 /* ErrorView.swift in Sources */ = {isa = PBXBuildFile; fileRef = 40D97EDF262FE41C0053EE53 /* ErrorView.swift */; };
		40D97EE5262FE7530053EE53 /* MessageCell.swift in Sources */ = {isa = PBXBuildFile; fileRef = 40D97EE4262FE7530053EE53 /* MessageCell.swift */; };
		6FCE3BE9FFDDBFCCB6BFE9FE /* Pods_IntroTestApp_IntroTestAppUITests.framework in Frameworks */ = {isa = PBXBuildFile; fileRef = D262E952E24A5F6F9A6C6477 /* Pods_IntroTestApp_IntroTestAppUITests.framework */; };
		B6D8F641D07CBF23350D6CA9 /* Pods_IntroTestAppTests.framework in Frameworks */ = {isa = PBXBuildFile; fileRef = 898516F8D070A4A8FF9203ED /* Pods_IntroTestAppTests.framework */; };
		D43EFAAA6549FC48A875F364 /* Pods_IntroTestApp.framework in Frameworks */ = {isa = PBXBuildFile; fileRef = C6E526E1AD5C847C16458093 /* Pods_IntroTestApp.framework */; };
/* End PBXBuildFile section */

/* Begin PBXContainerItemProxy section */
		40D97E9D262FE1D30053EE53 /* PBXContainerItemProxy */ = {
			isa = PBXContainerItemProxy;
			containerPortal = 40D97E7E262FE1D00053EE53 /* Project object */;
			proxyType = 1;
			remoteGlobalIDString = 40D97E85262FE1D00053EE53;
			remoteInfo = IntroTestApp;
		};
		40D97EA8262FE1D30053EE53 /* PBXContainerItemProxy */ = {
			isa = PBXContainerItemProxy;
			containerPortal = 40D97E7E262FE1D00053EE53 /* Project object */;
			proxyType = 1;
			remoteGlobalIDString = 40D97E85262FE1D00053EE53;
			remoteInfo = IntroTestApp;
		};
/* End PBXContainerItemProxy section */

/* Begin PBXFileReference section */
		4053065A26318DED00A690A5 /* Color.xcassets */ = {isa = PBXFileReference; lastKnownFileType = folder.assetcatalog; path = Color.xcassets; sourceTree = "<group>"; };
		405FA6842631A6CB0082681B /* Rechability.swift */ = {isa = PBXFileReference; lastKnownFileType = sourcecode.swift; path = Rechability.swift; sourceTree = "<group>"; };
		405FA6892631ACC50082681B /* User.swift */ = {isa = PBXFileReference; lastKnownFileType = sourcecode.swift; path = User.swift; sourceTree = "<group>"; };
		40D97E86262FE1D00053EE53 /* IntroTestApp.app */ = {isa = PBXFileReference; explicitFileType = wrapper.application; includeInIndex = 0; path = IntroTestApp.app; sourceTree = BUILT_PRODUCTS_DIR; };
		40D97E89262FE1D00053EE53 /* AppDelegate.swift */ = {isa = PBXFileReference; lastKnownFileType = sourcecode.swift; path = AppDelegate.swift; sourceTree = "<group>"; };
		40D97E8B262FE1D00053EE53 /* SceneDelegate.swift */ = {isa = PBXFileReference; lastKnownFileType = sourcecode.swift; path = SceneDelegate.swift; sourceTree = "<group>"; };
		40D97E8D262FE1D00053EE53 /* ViewController.swift */ = {isa = PBXFileReference; lastKnownFileType = sourcecode.swift; path = ViewController.swift; sourceTree = "<group>"; };
		40D97E90262FE1D00053EE53 /* Base */ = {isa = PBXFileReference; lastKnownFileType = file.storyboard; name = Base; path = Base.lproj/Main.storyboard; sourceTree = "<group>"; };
		40D97E92262FE1D30053EE53 /* Assets.xcassets */ = {isa = PBXFileReference; lastKnownFileType = folder.assetcatalog; path = Assets.xcassets; sourceTree = "<group>"; };
		40D97E95262FE1D30053EE53 /* Base */ = {isa = PBXFileReference; lastKnownFileType = file.storyboard; name = Base; path = Base.lproj/LaunchScreen.storyboard; sourceTree = "<group>"; };
		40D97E97262FE1D30053EE53 /* Info.plist */ = {isa = PBXFileReference; lastKnownFileType = text.plist.xml; path = Info.plist; sourceTree = "<group>"; };
		40D97E9C262FE1D30053EE53 /* IntroTestAppTests.xctest */ = {isa = PBXFileReference; explicitFileType = wrapper.cfbundle; includeInIndex = 0; path = IntroTestAppTests.xctest; sourceTree = BUILT_PRODUCTS_DIR; };
		40D97EA0262FE1D30053EE53 /* IntroTestAppTests.swift */ = {isa = PBXFileReference; lastKnownFileType = sourcecode.swift; path = IntroTestAppTests.swift; sourceTree = "<group>"; };
		40D97EA2262FE1D30053EE53 /* Info.plist */ = {isa = PBXFileReference; lastKnownFileType = text.plist.xml; path = Info.plist; sourceTree = "<group>"; };
		40D97EA7262FE1D30053EE53 /* IntroTestAppUITests.xctest */ = {isa = PBXFileReference; explicitFileType = wrapper.cfbundle; includeInIndex = 0; path = IntroTestAppUITests.xctest; sourceTree = BUILT_PRODUCTS_DIR; };
		40D97EAB262FE1D30053EE53 /* IntroTestAppUITests.swift */ = {isa = PBXFileReference; lastKnownFileType = sourcecode.swift; path = IntroTestAppUITests.swift; sourceTree = "<group>"; };
		40D97EAD262FE1D30053EE53 /* Info.plist */ = {isa = PBXFileReference; lastKnownFileType = text.plist.xml; path = Info.plist; sourceTree = "<group>"; };
		40D97EBE262FE2390053EE53 /* HomeViewModel.swift */ = {isa = PBXFileReference; lastKnownFileType = sourcecode.swift; path = HomeViewModel.swift; sourceTree = "<group>"; };
		40D97EC3262FE25B0053EE53 /* CustomTableView.swift */ = {isa = PBXFileReference; lastKnownFileType = sourcecode.swift; path = CustomTableView.swift; sourceTree = "<group>"; };
		40D97ECB262FE2B30053EE53 /* LoadingView.swift */ = {isa = PBXFileReference; lastKnownFileType = sourcecode.swift; path = LoadingView.swift; sourceTree = "<group>"; };
		40D97ED1262FE3530053EE53 /* HomeView.swift */ = {isa = PBXFileReference; lastKnownFileType = sourcecode.swift; path = HomeView.swift; sourceTree = "<group>"; };
		40D97ED7262FE3AA0053EE53 /* UIView.swift */ = {isa = PBXFileReference; lastKnownFileType = sourcecode.swift; path = UIView.swift; sourceTree = "<group>"; };
		40D97EDF262FE41C0053EE53 /* ErrorView.swift */ = {isa = PBXFileReference; lastKnownFileType = sourcecode.swift; path = ErrorView.swift; sourceTree = "<group>"; };
		40D97EE4262FE7530053EE53 /* MessageCell.swift */ = {isa = PBXFileReference; lastKnownFileType = sourcecode.swift; path = MessageCell.swift; sourceTree = "<group>"; };
		86EF01EC4885C73635679C9E /* Pods-IntroTestApp-IntroTestAppUITests.release.xcconfig */ = {isa = PBXFileReference; includeInIndex = 1; lastKnownFileType = text.xcconfig; name = "Pods-IntroTestApp-IntroTestAppUITests.release.xcconfig"; path = "Target Support Files/Pods-IntroTestApp-IntroTestAppUITests/Pods-IntroTestApp-IntroTestAppUITests.release.xcconfig"; sourceTree = "<group>"; };
		898516F8D070A4A8FF9203ED /* Pods_IntroTestAppTests.framework */ = {isa = PBXFileReference; explicitFileType = wrapper.framework; includeInIndex = 0; path = Pods_IntroTestAppTests.framework; sourceTree = BUILT_PRODUCTS_DIR; };
		901B92BDBC971190CB2FEF07 /* Pods-IntroTestApp.debug.xcconfig */ = {isa = PBXFileReference; includeInIndex = 1; lastKnownFileType = text.xcconfig; name = "Pods-IntroTestApp.debug.xcconfig"; path = "Target Support Files/Pods-IntroTestApp/Pods-IntroTestApp.debug.xcconfig"; sourceTree = "<group>"; };
		9BEAEFC8FEC16C3EDB327BCD /* Pods-IntroTestApp.release.xcconfig */ = {isa = PBXFileReference; includeInIndex = 1; lastKnownFileType = text.xcconfig; name = "Pods-IntroTestApp.release.xcconfig"; path = "Target Support Files/Pods-IntroTestApp/Pods-IntroTestApp.release.xcconfig"; sourceTree = "<group>"; };
		BC81C1059FF2F1FDABB1E38B /* Pods-IntroTestApp-IntroTestAppUITests.debug.xcconfig */ = {isa = PBXFileReference; includeInIndex = 1; lastKnownFileType = text.xcconfig; name = "Pods-IntroTestApp-IntroTestAppUITests.debug.xcconfig"; path = "Target Support Files/Pods-IntroTestApp-IntroTestAppUITests/Pods-IntroTestApp-IntroTestAppUITests.debug.xcconfig"; sourceTree = "<group>"; };
		C6E526E1AD5C847C16458093 /* Pods_IntroTestApp.framework */ = {isa = PBXFileReference; explicitFileType = wrapper.framework; includeInIndex = 0; path = Pods_IntroTestApp.framework; sourceTree = BUILT_PRODUCTS_DIR; };
		D262E952E24A5F6F9A6C6477 /* Pods_IntroTestApp_IntroTestAppUITests.framework */ = {isa = PBXFileReference; explicitFileType = wrapper.framework; includeInIndex = 0; path = Pods_IntroTestApp_IntroTestAppUITests.framework; sourceTree = BUILT_PRODUCTS_DIR; };
		E9902AB5F1625E7BA0DDF415 /* Pods-IntroTestAppTests.debug.xcconfig */ = {isa = PBXFileReference; includeInIndex = 1; lastKnownFileType = text.xcconfig; name = "Pods-IntroTestAppTests.debug.xcconfig"; path = "Target Support Files/Pods-IntroTestAppTests/Pods-IntroTestAppTests.debug.xcconfig"; sourceTree = "<group>"; };
		F243B78C6E0ACB9CA6D918BA /* Pods-IntroTestAppTests.release.xcconfig */ = {isa = PBXFileReference; includeInIndex = 1; lastKnownFileType = text.xcconfig; name = "Pods-IntroTestAppTests.release.xcconfig"; path = "Target Support Files/Pods-IntroTestAppTests/Pods-IntroTestAppTests.release.xcconfig"; sourceTree = "<group>"; };
/* End PBXFileReference section */

/* Begin PBXFrameworksBuildPhase section */
		40D97E83262FE1D00053EE53 /* Frameworks */ = {
			isa = PBXFrameworksBuildPhase;
			buildActionMask = 2147483647;
			files = (
				D43EFAAA6549FC48A875F364 /* Pods_IntroTestApp.framework in Frameworks */,
			);
			runOnlyForDeploymentPostprocessing = 0;
		};
		40D97E99262FE1D30053EE53 /* Frameworks */ = {
			isa = PBXFrameworksBuildPhase;
			buildActionMask = 2147483647;
			files = (
				B6D8F641D07CBF23350D6CA9 /* Pods_IntroTestAppTests.framework in Frameworks */,
			);
			runOnlyForDeploymentPostprocessing = 0;
		};
		40D97EA4262FE1D30053EE53 /* Frameworks */ = {
			isa = PBXFrameworksBuildPhase;
			buildActionMask = 2147483647;
			files = (
				6FCE3BE9FFDDBFCCB6BFE9FE /* Pods_IntroTestApp_IntroTestAppUITests.framework in Frameworks */,
			);
			runOnlyForDeploymentPostprocessing = 0;
		};
/* End PBXFrameworksBuildPhase section */

/* Begin PBXGroup section */
		40D97E7D262FE1D00053EE53 = {
			isa = PBXGroup;
			children = (
				40D97E88262FE1D00053EE53 /* IntroTestApp */,
				40D97E9F262FE1D30053EE53 /* IntroTestAppTests */,
				40D97EAA262FE1D30053EE53 /* IntroTestAppUITests */,
				40D97E87262FE1D00053EE53 /* Products */,
				705BFE8D1D32EB21C86E5B39 /* Pods */,
				46A0E12FCC002098B60D0A04 /* Frameworks */,
			);
			sourceTree = "<group>";
		};
		40D97E87262FE1D00053EE53 /* Products */ = {
			isa = PBXGroup;
			children = (
				40D97E86262FE1D00053EE53 /* IntroTestApp.app */,
				40D97E9C262FE1D30053EE53 /* IntroTestAppTests.xctest */,
				40D97EA7262FE1D30053EE53 /* IntroTestAppUITests.xctest */,
			);
			name = Products;
			sourceTree = "<group>";
		};
		40D97E88262FE1D00053EE53 /* IntroTestApp */ = {
			isa = PBXGroup;
			children = (
				40D97ED6262FE39F0053EE53 /* Extensions */,
				40D97ED0262FE33E0053EE53 /* Home */,
				40D97EBD262FE2050053EE53 /* Custom */,
				40D97E89262FE1D00053EE53 /* AppDelegate.swift */,
				40D97E8B262FE1D00053EE53 /* SceneDelegate.swift */,
				40D97E8F262FE1D00053EE53 /* Main.storyboard */,
				40D97E92262FE1D30053EE53 /* Assets.xcassets */,
				4053065A26318DED00A690A5 /* Color.xcassets */,
				40D97E94262FE1D30053EE53 /* LaunchScreen.storyboard */,
				40D97E97262FE1D30053EE53 /* Info.plist */,
				405FA6842631A6CB0082681B /* Rechability.swift */,
				405FA6892631ACC50082681B /* User.swift */,
			);
			path = IntroTestApp;
			sourceTree = "<group>";
		};
		40D97E9F262FE1D30053EE53 /* IntroTestAppTests */ = {
			isa = PBXGroup;
			children = (
				40D97EA0262FE1D30053EE53 /* IntroTestAppTests.swift */,
				40D97EA2262FE1D30053EE53 /* Info.plist */,
			);
			path = IntroTestAppTests;
			sourceTree = "<group>";
		};
		40D97EAA262FE1D30053EE53 /* IntroTestAppUITests */ = {
			isa = PBXGroup;
			children = (
				40D97EAB262FE1D30053EE53 /* IntroTestAppUITests.swift */,
				40D97EAD262FE1D30053EE53 /* Info.plist */,
			);
			path = IntroTestAppUITests;
			sourceTree = "<group>";
		};
		40D97EBD262FE2050053EE53 /* Custom */ = {
			isa = PBXGroup;
			children = (
				40D97EC3262FE25B0053EE53 /* CustomTableView.swift */,
				40D97ECB262FE2B30053EE53 /* LoadingView.swift */,
				40D97EDF262FE41C0053EE53 /* ErrorView.swift */,
			);
			name = Custom;
			sourceTree = "<group>";
		};
		40D97ED0262FE33E0053EE53 /* Home */ = {
			isa = PBXGroup;
			children = (
				40D97EBE262FE2390053EE53 /* HomeViewModel.swift */,
				40D97E8D262FE1D00053EE53 /* ViewController.swift */,
				40D97ED1262FE3530053EE53 /* HomeView.swift */,
				40D97EE4262FE7530053EE53 /* MessageCell.swift */,
			);
			path = Home;
			sourceTree = "<group>";
		};
		40D97ED6262FE39F0053EE53 /* Extensions */ = {
			isa = PBXGroup;
			children = (
				40D97ED7262FE3AA0053EE53 /* UIView.swift */,
			);
			path = Extensions;
			sourceTree = "<group>";
		};
		46A0E12FCC002098B60D0A04 /* Frameworks */ = {
			isa = PBXGroup;
			children = (
				C6E526E1AD5C847C16458093 /* Pods_IntroTestApp.framework */,
				D262E952E24A5F6F9A6C6477 /* Pods_IntroTestApp_IntroTestAppUITests.framework */,
				898516F8D070A4A8FF9203ED /* Pods_IntroTestAppTests.framework */,
			);
			name = Frameworks;
			sourceTree = "<group>";
		};
		705BFE8D1D32EB21C86E5B39 /* Pods */ = {
			isa = PBXGroup;
			children = (
				901B92BDBC971190CB2FEF07 /* Pods-IntroTestApp.debug.xcconfig */,
				9BEAEFC8FEC16C3EDB327BCD /* Pods-IntroTestApp.release.xcconfig */,
				BC81C1059FF2F1FDABB1E38B /* Pods-IntroTestApp-IntroTestAppUITests.debug.xcconfig */,
				86EF01EC4885C73635679C9E /* Pods-IntroTestApp-IntroTestAppUITests.release.xcconfig */,
				E9902AB5F1625E7BA0DDF415 /* Pods-IntroTestAppTests.debug.xcconfig */,
				F243B78C6E0ACB9CA6D918BA /* Pods-IntroTestAppTests.release.xcconfig */,
			);
			path = Pods;
			sourceTree = "<group>";
		};
/* End PBXGroup section */

/* Begin PBXNativeTarget section */
		40D97E85262FE1D00053EE53 /* IntroTestApp */ = {
			isa = PBXNativeTarget;
			buildConfigurationList = 40D97EB0262FE1D30053EE53 /* Build configuration list for PBXNativeTarget "IntroTestApp" */;
			buildPhases = (
				897E29E53564995313094716 /* [CP] Check Pods Manifest.lock */,
				40D97E82262FE1D00053EE53 /* Sources */,
				40D97E83262FE1D00053EE53 /* Frameworks */,
				40D97E84262FE1D00053EE53 /* Resources */,
				B985E94D503314DE1C38D2BA /* [CP] Embed Pods Frameworks */,
			);
			buildRules = (
			);
			dependencies = (
			);
			name = IntroTestApp;
			productName = IntroTestApp;
			productReference = 40D97E86262FE1D00053EE53 /* IntroTestApp.app */;
			productType = "com.apple.product-type.application";
		};
		40D97E9B262FE1D30053EE53 /* IntroTestAppTests */ = {
			isa = PBXNativeTarget;
			buildConfigurationList = 40D97EB3262FE1D30053EE53 /* Build configuration list for PBXNativeTarget "IntroTestAppTests" */;
			buildPhases = (
				5A93F8C18A911A17D5A82C25 /* [CP] Check Pods Manifest.lock */,
				40D97E98262FE1D30053EE53 /* Sources */,
				40D97E99262FE1D30053EE53 /* Frameworks */,
				40D97E9A262FE1D30053EE53 /* Resources */,
			);
			buildRules = (
			);
			dependencies = (
				40D97E9E262FE1D30053EE53 /* PBXTargetDependency */,
			);
			name = IntroTestAppTests;
			productName = IntroTestAppTests;
			productReference = 40D97E9C262FE1D30053EE53 /* IntroTestAppTests.xctest */;
			productType = "com.apple.product-type.bundle.unit-test";
		};
		40D97EA6262FE1D30053EE53 /* IntroTestAppUITests */ = {
			isa = PBXNativeTarget;
			buildConfigurationList = 40D97EB6262FE1D30053EE53 /* Build configuration list for PBXNativeTarget "IntroTestAppUITests" */;
			buildPhases = (
				9AF4728C857DED63EEBCBB17 /* [CP] Check Pods Manifest.lock */,
				40D97EA3262FE1D30053EE53 /* Sources */,
				40D97EA4262FE1D30053EE53 /* Frameworks */,
				40D97EA5262FE1D30053EE53 /* Resources */,
				E91B680FBDC01ADF68EE3B87 /* [CP] Embed Pods Frameworks */,
			);
			buildRules = (
			);
			dependencies = (
				40D97EA9262FE1D30053EE53 /* PBXTargetDependency */,
			);
			name = IntroTestAppUITests;
			productName = IntroTestAppUITests;
			productReference = 40D97EA7262FE1D30053EE53 /* IntroTestAppUITests.xctest */;
			productType = "com.apple.product-type.bundle.ui-testing";
		};
/* End PBXNativeTarget section */

/* Begin PBXProject section */
		40D97E7E262FE1D00053EE53 /* Project object */ = {
			isa = PBXProject;
			attributes = {
				LastSwiftUpdateCheck = 1220;
				LastUpgradeCheck = 1220;
				TargetAttributes = {
					40D97E85262FE1D00053EE53 = {
						CreatedOnToolsVersion = 12.2;
					};
					40D97E9B262FE1D30053EE53 = {
						CreatedOnToolsVersion = 12.2;
						TestTargetID = 40D97E85262FE1D00053EE53;
					};
					40D97EA6262FE1D30053EE53 = {
						CreatedOnToolsVersion = 12.2;
						TestTargetID = 40D97E85262FE1D00053EE53;
					};
				};
			};
			buildConfigurationList = 40D97E81262FE1D00053EE53 /* Build configuration list for PBXProject "IntroTestApp" */;
			compatibilityVersion = "Xcode 9.3";
			developmentRegion = en;
			hasScannedForEncodings = 0;
			knownRegions = (
				en,
				Base,
			);
			mainGroup = 40D97E7D262FE1D00053EE53;
			productRefGroup = 40D97E87262FE1D00053EE53 /* Products */;
			projectDirPath = "";
			projectRoot = "";
			targets = (
				40D97E85262FE1D00053EE53 /* IntroTestApp */,
				40D97E9B262FE1D30053EE53 /* IntroTestAppTests */,
				40D97EA6262FE1D30053EE53 /* IntroTestAppUITests */,
			);
		};
/* End PBXProject section */

/* Begin PBXResourcesBuildPhase section */
		40D97E84262FE1D00053EE53 /* Resources */ = {
			isa = PBXResourcesBuildPhase;
			buildActionMask = 2147483647;
			files = (
				40D97E96262FE1D30053EE53 /* LaunchScreen.storyboard in Resources */,
				4053065B26318DED00A690A5 /* Color.xcassets in Resources */,
				40D97E93262FE1D30053EE53 /* Assets.xcassets in Resources */,
				40D97E91262FE1D00053EE53 /* Main.storyboard in Resources */,
			);
			runOnlyForDeploymentPostprocessing = 0;
		};
		40D97E9A262FE1D30053EE53 /* Resources */ = {
			isa = PBXResourcesBuildPhase;
			buildActionMask = 2147483647;
			files = (
			);
			runOnlyForDeploymentPostprocessing = 0;
		};
		40D97EA5262FE1D30053EE53 /* Resources */ = {
			isa = PBXResourcesBuildPhase;
			buildActionMask = 2147483647;
			files = (
			);
			runOnlyForDeploymentPostprocessing = 0;
		};
/* End PBXResourcesBuildPhase section */

/* Begin PBXShellScriptBuildPhase section */
		5A93F8C18A911A17D5A82C25 /* [CP] Check Pods Manifest.lock */ = {
			isa = PBXShellScriptBuildPhase;
			buildActionMask = 2147483647;
			files = (
			);
			inputFileListPaths = (
			);
			inputPaths = (
				"${PODS_PODFILE_DIR_PATH}/Podfile.lock",
				"${PODS_ROOT}/Manifest.lock",
			);
			name = "[CP] Check Pods Manifest.lock";
			outputFileListPaths = (
			);
			outputPaths = (
				"$(DERIVED_FILE_DIR)/Pods-IntroTestAppTests-checkManifestLockResult.txt",
			);
			runOnlyForDeploymentPostprocessing = 0;
			shellPath = /bin/sh;
			shellScript = "diff \"${PODS_PODFILE_DIR_PATH}/Podfile.lock\" \"${PODS_ROOT}/Manifest.lock\" > /dev/null\nif [ $? != 0 ] ; then\n    # print error to STDERR\n    echo \"error: The sandbox is not in sync with the Podfile.lock. Run 'pod install' or update your CocoaPods installation.\" >&2\n    exit 1\nfi\n# This output is used by Xcode 'outputs' to avoid re-running this script phase.\necho \"SUCCESS\" > \"${SCRIPT_OUTPUT_FILE_0}\"\n";
			showEnvVarsInLog = 0;
		};
		897E29E53564995313094716 /* [CP] Check Pods Manifest.lock */ = {
			isa = PBXShellScriptBuildPhase;
			buildActionMask = 2147483647;
			files = (
			);
			inputFileListPaths = (
			);
			inputPaths = (
				"${PODS_PODFILE_DIR_PATH}/Podfile.lock",
				"${PODS_ROOT}/Manifest.lock",
			);
			name = "[CP] Check Pods Manifest.lock";
			outputFileListPaths = (
			);
			outputPaths = (
				"$(DERIVED_FILE_DIR)/Pods-IntroTestApp-checkManifestLockResult.txt",
			);
			runOnlyForDeploymentPostprocessing = 0;
			shellPath = /bin/sh;
			shellScript = "diff \"${PODS_PODFILE_DIR_PATH}/Podfile.lock\" \"${PODS_ROOT}/Manifest.lock\" > /dev/null\nif [ $? != 0 ] ; then\n    # print error to STDERR\n    echo \"error: The sandbox is not in sync with the Podfile.lock. Run 'pod install' or update your CocoaPods installation.\" >&2\n    exit 1\nfi\n# This output is used by Xcode 'outputs' to avoid re-running this script phase.\necho \"SUCCESS\" > \"${SCRIPT_OUTPUT_FILE_0}\"\n";
			showEnvVarsInLog = 0;
		};
		9AF4728C857DED63EEBCBB17 /* [CP] Check Pods Manifest.lock */ = {
			isa = PBXShellScriptBuildPhase;
			buildActionMask = 2147483647;
			files = (
			);
			inputFileListPaths = (
			);
			inputPaths = (
				"${PODS_PODFILE_DIR_PATH}/Podfile.lock",
				"${PODS_ROOT}/Manifest.lock",
			);
			name = "[CP] Check Pods Manifest.lock";
			outputFileListPaths = (
			);
			outputPaths = (
				"$(DERIVED_FILE_DIR)/Pods-IntroTestApp-IntroTestAppUITests-checkManifestLockResult.txt",
			);
			runOnlyForDeploymentPostprocessing = 0;
			shellPath = /bin/sh;
			shellScript = "diff \"${PODS_PODFILE_DIR_PATH}/Podfile.lock\" \"${PODS_ROOT}/Manifest.lock\" > /dev/null\nif [ $? != 0 ] ; then\n    # print error to STDERR\n    echo \"error: The sandbox is not in sync with the Podfile.lock. Run 'pod install' or update your CocoaPods installation.\" >&2\n    exit 1\nfi\n# This output is used by Xcode 'outputs' to avoid re-running this script phase.\necho \"SUCCESS\" > \"${SCRIPT_OUTPUT_FILE_0}\"\n";
			showEnvVarsInLog = 0;
		};
		B985E94D503314DE1C38D2BA /* [CP] Embed Pods Frameworks */ = {
			isa = PBXShellScriptBuildPhase;
			buildActionMask = 2147483647;
			files = (
			);
			inputFileListPaths = (
				"${PODS_ROOT}/Target Support Files/Pods-IntroTestApp/Pods-IntroTestApp-frameworks-${CONFIGURATION}-input-files.xcfilelist",
			);
			name = "[CP] Embed Pods Frameworks";
			outputFileListPaths = (
				"${PODS_ROOT}/Target Support Files/Pods-IntroTestApp/Pods-IntroTestApp-frameworks-${CONFIGURATION}-output-files.xcfilelist",
			);
			runOnlyForDeploymentPostprocessing = 0;
			shellPath = /bin/sh;
			shellScript = "\"${PODS_ROOT}/Target Support Files/Pods-IntroTestApp/Pods-IntroTestApp-frameworks.sh\"\n";
			showEnvVarsInLog = 0;
		};
		E91B680FBDC01ADF68EE3B87 /* [CP] Embed Pods Frameworks */ = {
			isa = PBXShellScriptBuildPhase;
			buildActionMask = 2147483647;
			files = (
			);
			inputFileListPaths = (
				"${PODS_ROOT}/Target Support Files/Pods-IntroTestApp-IntroTestAppUITests/Pods-IntroTestApp-IntroTestAppUITests-frameworks-${CONFIGURATION}-input-files.xcfilelist",
			);
			name = "[CP] Embed Pods Frameworks";
			outputFileListPaths = (
				"${PODS_ROOT}/Target Support Files/Pods-IntroTestApp-IntroTestAppUITests/Pods-IntroTestApp-IntroTestAppUITests-frameworks-${CONFIGURATION}-output-files.xcfilelist",
			);
			runOnlyForDeploymentPostprocessing = 0;
			shellPath = /bin/sh;
			shellScript = "\"${PODS_ROOT}/Target Support Files/Pods-IntroTestApp-IntroTestAppUITests/Pods-IntroTestApp-IntroTestAppUITests-frameworks.sh\"\n";
			showEnvVarsInLog = 0;
		};
/* End PBXShellScriptBuildPhase section */

/* Begin PBXSourcesBuildPhase section */
		40D97E82262FE1D00053EE53 /* Sources */ = {
			isa = PBXSourcesBuildPhase;
			buildActionMask = 2147483647;
			files = (
				40D97ED8262FE3AA0053EE53 /* UIView.swift in Sources */,
				40D97EE5262FE7530053EE53 /* MessageCell.swift in Sources */,
				40D97ECC262FE2B30053EE53 /* LoadingView.swift in Sources */,
				40D97ED2262FE3530053EE53 /* HomeView.swift in Sources */,
				40D97EC4262FE25B0053EE53 /* CustomTableView.swift in Sources */,
				405FA6852631A6CB0082681B /* Rechability.swift in Sources */,
				40D97E8E262FE1D00053EE53 /* ViewController.swift in Sources */,
				40D97E8A262FE1D00053EE53 /* AppDelegate.swift in Sources */,
				405FA68A2631ACC50082681B /* User.swift in Sources */,
				40D97E8C262FE1D00053EE53 /* SceneDelegate.swift in Sources */,
				40D97EE0262FE41C0053EE53 /* ErrorView.swift in Sources */,
				40D97EBF262FE2390053EE53 /* HomeViewModel.swift in Sources */,
			);
			runOnlyForDeploymentPostprocessing = 0;
		};
		40D97E98262FE1D30053EE53 /* Sources */ = {
			isa = PBXSourcesBuildPhase;
			buildActionMask = 2147483647;
			files = (
				40D97EA1262FE1D30053EE53 /* IntroTestAppTests.swift in Sources */,
			);
			runOnlyForDeploymentPostprocessing = 0;
		};
		40D97EA3262FE1D30053EE53 /* Sources */ = {
			isa = PBXSourcesBuildPhase;
			buildActionMask = 2147483647;
			files = (
				40D97EAC262FE1D30053EE53 /* IntroTestAppUITests.swift in Sources */,
			);
			runOnlyForDeploymentPostprocessing = 0;
		};
/* End PBXSourcesBuildPhase section */

/* Begin PBXTargetDependency section */
		40D97E9E262FE1D30053EE53 /* PBXTargetDependency */ = {
			isa = PBXTargetDependency;
			target = 40D97E85262FE1D00053EE53 /* IntroTestApp */;
			targetProxy = 40D97E9D262FE1D30053EE53 /* PBXContainerItemProxy */;
		};
		40D97EA9262FE1D30053EE53 /* PBXTargetDependency */ = {
			isa = PBXTargetDependency;
			target = 40D97E85262FE1D00053EE53 /* IntroTestApp */;
			targetProxy = 40D97EA8262FE1D30053EE53 /* PBXContainerItemProxy */;
		};
/* End PBXTargetDependency section */

/* Begin PBXVariantGroup section */
		40D97E8F262FE1D00053EE53 /* Main.storyboard */ = {
			isa = PBXVariantGroup;
			children = (
				40D97E90262FE1D00053EE53 /* Base */,
			);
			name = Main.storyboard;
			sourceTree = "<group>";
		};
		40D97E94262FE1D30053EE53 /* LaunchScreen.storyboard */ = {
			isa = PBXVariantGroup;
			children = (
				40D97E95262FE1D30053EE53 /* Base */,
			);
			name = LaunchScreen.storyboard;
			sourceTree = "<group>";
		};
/* End PBXVariantGroup section */

/* Begin XCBuildConfiguration section */
		40D97EAE262FE1D30053EE53 /* Debug */ = {
			isa = XCBuildConfiguration;
			buildSettings = {
				ALWAYS_SEARCH_USER_PATHS = NO;
				CLANG_ANALYZER_NONNULL = YES;
				CLANG_ANALYZER_NUMBER_OBJECT_CONVERSION = YES_AGGRESSIVE;
				CLANG_CXX_LANGUAGE_STANDARD = "gnu++14";
				CLANG_CXX_LIBRARY = "libc++";
				CLANG_ENABLE_MODULES = YES;
				CLANG_ENABLE_OBJC_ARC = YES;
				CLANG_ENABLE_OBJC_WEAK = YES;
				CLANG_WARN_BLOCK_CAPTURE_AUTORELEASING = YES;
				CLANG_WARN_BOOL_CONVERSION = YES;
				CLANG_WARN_COMMA = YES;
				CLANG_WARN_CONSTANT_CONVERSION = YES;
				CLANG_WARN_DEPRECATED_OBJC_IMPLEMENTATIONS = YES;
				CLANG_WARN_DIRECT_OBJC_ISA_USAGE = YES_ERROR;
				CLANG_WARN_DOCUMENTATION_COMMENTS = YES;
				CLANG_WARN_EMPTY_BODY = YES;
				CLANG_WARN_ENUM_CONVERSION = YES;
				CLANG_WARN_INFINITE_RECURSION = YES;
				CLANG_WARN_INT_CONVERSION = YES;
				CLANG_WARN_NON_LITERAL_NULL_CONVERSION = YES;
				CLANG_WARN_OBJC_IMPLICIT_RETAIN_SELF = YES;
				CLANG_WARN_OBJC_LITERAL_CONVERSION = YES;
				CLANG_WARN_OBJC_ROOT_CLASS = YES_ERROR;
				CLANG_WARN_QUOTED_INCLUDE_IN_FRAMEWORK_HEADER = YES;
				CLANG_WARN_RANGE_LOOP_ANALYSIS = YES;
				CLANG_WARN_STRICT_PROTOTYPES = YES;
				CLANG_WARN_SUSPICIOUS_MOVE = YES;
				CLANG_WARN_UNGUARDED_AVAILABILITY = YES_AGGRESSIVE;
				CLANG_WARN_UNREACHABLE_CODE = YES;
				CLANG_WARN__DUPLICATE_METHOD_MATCH = YES;
				COPY_PHASE_STRIP = NO;
				DEBUG_INFORMATION_FORMAT = dwarf;
				ENABLE_STRICT_OBJC_MSGSEND = YES;
				ENABLE_TESTABILITY = YES;
				GCC_C_LANGUAGE_STANDARD = gnu11;
				GCC_DYNAMIC_NO_PIC = NO;
				GCC_NO_COMMON_BLOCKS = YES;
				GCC_OPTIMIZATION_LEVEL = 0;
				GCC_PREPROCESSOR_DEFINITIONS = (
					"DEBUG=1",
					"$(inherited)",
				);
				GCC_WARN_64_TO_32_BIT_CONVERSION = YES;
				GCC_WARN_ABOUT_RETURN_TYPE = YES_ERROR;
				GCC_WARN_UNDECLARED_SELECTOR = YES;
				GCC_WARN_UNINITIALIZED_AUTOS = YES_AGGRESSIVE;
				GCC_WARN_UNUSED_FUNCTION = YES;
				GCC_WARN_UNUSED_VARIABLE = YES;
				IPHONEOS_DEPLOYMENT_TARGET = 14.2;
				MTL_ENABLE_DEBUG_INFO = INCLUDE_SOURCE;
				MTL_FAST_MATH = YES;
				ONLY_ACTIVE_ARCH = YES;
				SDKROOT = iphoneos;
				SWIFT_ACTIVE_COMPILATION_CONDITIONS = DEBUG;
				SWIFT_OPTIMIZATION_LEVEL = "-Onone";
			};
			name = Debug;
		};
		40D97EAF262FE1D30053EE53 /* Release */ = {
			isa = XCBuildConfiguration;
			buildSettings = {
				ALWAYS_SEARCH_USER_PATHS = NO;
				CLANG_ANALYZER_NONNULL = YES;
				CLANG_ANALYZER_NUMBER_OBJECT_CONVERSION = YES_AGGRESSIVE;
				CLANG_CXX_LANGUAGE_STANDARD = "gnu++14";
				CLANG_CXX_LIBRARY = "libc++";
				CLANG_ENABLE_MODULES = YES;
				CLANG_ENABLE_OBJC_ARC = YES;
				CLANG_ENABLE_OBJC_WEAK = YES;
				CLANG_WARN_BLOCK_CAPTURE_AUTORELEASING = YES;
				CLANG_WARN_BOOL_CONVERSION = YES;
				CLANG_WARN_COMMA = YES;
				CLANG_WARN_CONSTANT_CONVERSION = YES;
				CLANG_WARN_DEPRECATED_OBJC_IMPLEMENTATIONS = YES;
				CLANG_WARN_DIRECT_OBJC_ISA_USAGE = YES_ERROR;
				CLANG_WARN_DOCUMENTATION_COMMENTS = YES;
				CLANG_WARN_EMPTY_BODY = YES;
				CLANG_WARN_ENUM_CONVERSION = YES;
				CLANG_WARN_INFINITE_RECURSION = YES;
				CLANG_WARN_INT_CONVERSION = YES;
				CLANG_WARN_NON_LITERAL_NULL_CONVERSION = YES;
				CLANG_WARN_OBJC_IMPLICIT_RETAIN_SELF = YES;
				CLANG_WARN_OBJC_LITERAL_CONVERSION = YES;
				CLANG_WARN_OBJC_ROOT_CLASS = YES_ERROR;
				CLANG_WARN_QUOTED_INCLUDE_IN_FRAMEWORK_HEADER = YES;
				CLANG_WARN_RANGE_LOOP_ANALYSIS = YES;
				CLANG_WARN_STRICT_PROTOTYPES = YES;
				CLANG_WARN_SUSPICIOUS_MOVE = YES;
				CLANG_WARN_UNGUARDED_AVAILABILITY = YES_AGGRESSIVE;
				CLANG_WARN_UNREACHABLE_CODE = YES;
				CLANG_WARN__DUPLICATE_METHOD_MATCH = YES;
				COPY_PHASE_STRIP = NO;
				DEBUG_INFORMATION_FORMAT = "dwarf-with-dsym";
				ENABLE_NS_ASSERTIONS = NO;
				ENABLE_STRICT_OBJC_MSGSEND = YES;
				GCC_C_LANGUAGE_STANDARD = gnu11;
				GCC_NO_COMMON_BLOCKS = YES;
				GCC_WARN_64_TO_32_BIT_CONVERSION = YES;
				GCC_WARN_ABOUT_RETURN_TYPE = YES_ERROR;
				GCC_WARN_UNDECLARED_SELECTOR = YES;
				GCC_WARN_UNINITIALIZED_AUTOS = YES_AGGRESSIVE;
				GCC_WARN_UNUSED_FUNCTION = YES;
				GCC_WARN_UNUSED_VARIABLE = YES;
				IPHONEOS_DEPLOYMENT_TARGET = 14.2;
				MTL_ENABLE_DEBUG_INFO = NO;
				MTL_FAST_MATH = YES;
				SDKROOT = iphoneos;
				SWIFT_COMPILATION_MODE = wholemodule;
				SWIFT_OPTIMIZATION_LEVEL = "-O";
				VALIDATE_PRODUCT = YES;
			};
			name = Release;
		};
		40D97EB1262FE1D30053EE53 /* Debug */ = {
			isa = XCBuildConfiguration;
			baseConfigurationReference = 901B92BDBC971190CB2FEF07 /* Pods-IntroTestApp.debug.xcconfig */;
			buildSettings = {
				ASSETCATALOG_COMPILER_APPICON_NAME = AppIcon;
				ASSETCATALOG_COMPILER_GLOBAL_ACCENT_COLOR_NAME = AccentColor;
				CODE_SIGN_STYLE = Automatic;
				DEVELOPMENT_TEAM = X8YE27GARE;
				INFOPLIST_FILE = IntroTestApp/Info.plist;
				LD_RUNPATH_SEARCH_PATHS = (
					"$(inherited)",
					"@executable_path/Frameworks",
				);
				PRODUCT_BUNDLE_IDENTIFIER = com.kiran.testApp;
				PRODUCT_NAME = "$(TARGET_NAME)";
				SWIFT_VERSION = 5.0;
				TARGETED_DEVICE_FAMILY = "1,2";
			};
			name = Debug;
		};
		40D97EB2262FE1D30053EE53 /* Release */ = {
			isa = XCBuildConfiguration;
			baseConfigurationReference = 9BEAEFC8FEC16C3EDB327BCD /* Pods-IntroTestApp.release.xcconfig */;
			buildSettings = {
				ASSETCATALOG_COMPILER_APPICON_NAME = AppIcon;
				ASSETCATALOG_COMPILER_GLOBAL_ACCENT_COLOR_NAME = AccentColor;
				CODE_SIGN_STYLE = Automatic;
				DEVELOPMENT_TEAM = X8YE27GARE;
				INFOPLIST_FILE = IntroTestApp/Info.plist;
				LD_RUNPATH_SEARCH_PATHS = (
					"$(inherited)",
					"@executable_path/Frameworks",
				);
				PRODUCT_BUNDLE_IDENTIFIER = com.kiran.testApp;
				PRODUCT_NAME = "$(TARGET_NAME)";
				SWIFT_VERSION = 5.0;
				TARGETED_DEVICE_FAMILY = "1,2";
			};
			name = Release;
		};
		40D97EB4262FE1D30053EE53 /* Debug */ = {
			isa = XCBuildConfiguration;
			baseConfigurationReference = E9902AB5F1625E7BA0DDF415 /* Pods-IntroTestAppTests.debug.xcconfig */;
			buildSettings = {
				ALWAYS_EMBED_SWIFT_STANDARD_LIBRARIES = YES;
				BUNDLE_LOADER = "$(TEST_HOST)";
				CODE_SIGN_STYLE = Automatic;
				DEVELOPMENT_TEAM = X8YE27GARE;
				INFOPLIST_FILE = IntroTestAppTests/Info.plist;
				IPHONEOS_DEPLOYMENT_TARGET = 14.2;
				LD_RUNPATH_SEARCH_PATHS = (
					"$(inherited)",
					"@executable_path/Frameworks",
					"@loader_path/Frameworks",
				);
				PRODUCT_BUNDLE_IDENTIFIER = com.f1soft.IntroTestAppTests;
				PRODUCT_NAME = "$(TARGET_NAME)";
				SWIFT_VERSION = 5.0;
				TARGETED_DEVICE_FAMILY = "1,2";
				TEST_HOST = "$(BUILT_PRODUCTS_DIR)/IntroTestApp.app/IntroTestApp";
			};
			name = Debug;
		};
		40D97EB5262FE1D30053EE53 /* Release */ = {
			isa = XCBuildConfiguration;
			baseConfigurationReference = F243B78C6E0ACB9CA6D918BA /* Pods-IntroTestAppTests.release.xcconfig */;
			buildSettings = {
				ALWAYS_EMBED_SWIFT_STANDARD_LIBRARIES = YES;
				BUNDLE_LOADER = "$(TEST_HOST)";
				CODE_SIGN_STYLE = Automatic;
				DEVELOPMENT_TEAM = X8YE27GARE;
				INFOPLIST_FILE = IntroTestAppTests/Info.plist;
				IPHONEOS_DEPLOYMENT_TARGET = 14.2;
				LD_RUNPATH_SEARCH_PATHS = (
					"$(inherited)",
					"@executable_path/Frameworks",
					"@loader_path/Frameworks",
				);
				PRODUCT_BUNDLE_IDENTIFIER = com.f1soft.IntroTestAppTests;
				PRODUCT_NAME = "$(TARGET_NAME)";
				SWIFT_VERSION = 5.0;
				TARGETED_DEVICE_FAMILY = "1,2";
				TEST_HOST = "$(BUILT_PRODUCTS_DIR)/IntroTestApp.app/IntroTestApp";
			};
			name = Release;
		};
		40D97EB7262FE1D30053EE53 /* Debug */ = {
			isa = XCBuildConfiguration;
			baseConfigurationReference = BC81C1059FF2F1FDABB1E38B /* Pods-IntroTestApp-IntroTestAppUITests.debug.xcconfig */;
			buildSettings = {
				ALWAYS_EMBED_SWIFT_STANDARD_LIBRARIES = YES;
				CODE_SIGN_STYLE = Automatic;
				DEVELOPMENT_TEAM = X8YE27GARE;
				INFOPLIST_FILE = IntroTestAppUITests/Info.plist;
				LD_RUNPATH_SEARCH_PATHS = (
					"$(inherited)",
					"@executable_path/Frameworks",
					"@loader_path/Frameworks",
				);
				PRODUCT_BUNDLE_IDENTIFIER = com.f1soft.IntroTestAppUITests;
				PRODUCT_NAME = "$(TARGET_NAME)";
				SWIFT_VERSION = 5.0;
				TARGETED_DEVICE_FAMILY = "1,2";
				TEST_TARGET_NAME = IntroTestApp;
			};
			name = Debug;
		};
		40D97EB8262FE1D30053EE53 /* Release */ = {
			isa = XCBuildConfiguration;
			baseConfigurationReference = 86EF01EC4885C73635679C9E /* Pods-IntroTestApp-IntroTestAppUITests.release.xcconfig */;
			buildSettings = {
				ALWAYS_EMBED_SWIFT_STANDARD_LIBRARIES = YES;
				CODE_SIGN_STYLE = Automatic;
				DEVELOPMENT_TEAM = X8YE27GARE;
				INFOPLIST_FILE = IntroTestAppUITests/Info.plist;
				LD_RUNPATH_SEARCH_PATHS = (
					"$(inherited)",
					"@executable_path/Frameworks",
					"@loader_path/Frameworks",
				);
				PRODUCT_BUNDLE_IDENTIFIER = com.f1soft.IntroTestAppUITests;
				PRODUCT_NAME = "$(TARGET_NAME)";
				SWIFT_VERSION = 5.0;
				TARGETED_DEVICE_FAMILY = "1,2";
				TEST_TARGET_NAME = IntroTestApp;
			};
			name = Release;
		};
/* End XCBuildConfiguration section */

/* Begin XCConfigurationList section */
		40D97E81262FE1D00053EE53 /* Build configuration list for PBXProject "IntroTestApp" */ = {
			isa = XCConfigurationList;
			buildConfigurations = (
				40D97EAE262FE1D30053EE53 /* Debug */,
				40D97EAF262FE1D30053EE53 /* Release */,
			);
			defaultConfigurationIsVisible = 0;
			defaultConfigurationName = Release;
		};
		40D97EB0262FE1D30053EE53 /* Build configuration list for PBXNativeTarget "IntroTestApp" */ = {
			isa = XCConfigurationList;
			buildConfigurations = (
				40D97EB1262FE1D30053EE53 /* Debug */,
				40D97EB2262FE1D30053EE53 /* Release */,
			);
			defaultConfigurationIsVisible = 0;
			defaultConfigurationName = Release;
		};
		40D97EB3262FE1D30053EE53 /* Build configuration list for PBXNativeTarget "IntroTestAppTests" */ = {
			isa = XCConfigurationList;
			buildConfigurations = (
				40D97EB4262FE1D30053EE53 /* Debug */,
				40D97EB5262FE1D30053EE53 /* Release */,
			);
			defaultConfigurationIsVisible = 0;
			defaultConfigurationName = Release;
		};
		40D97EB6262FE1D30053EE53 /* Build configuration list for PBXNativeTarget "IntroTestAppUITests" */ = {
			isa = XCConfigurationList;
			buildConfigurations = (
				40D97EB7262FE1D30053EE53 /* Debug */,
				40D97EB8262FE1D30053EE53 /* Release */,
			);
			defaultConfigurationIsVisible = 0;
			defaultConfigurationName = Release;
		};
/* End XCConfigurationList section */
	};
	rootObject = 40D97E7E262FE1D00053EE53 /* Project object */;
}
